
Microsoft Visual Studio Solution File, Format Version 12.00
# Visual Studio Version 16
VisualStudioVersion = 16.0.33927.289
MinimumVisualStudioVersion = 10.0.40219.1
Project("{2150E333-8FDC-42A3-9474-1A3956D46DE8}") = "Task0", "Task0", "{863A2E7C-D967-41E2-AF57-B7E6A819173A}"
EndProject
Project("{FAE04EC0-301F-11D3-BF4B-00C04F79EFBC}") = "Tyuiu.RagimovaMA.Sprint6.Task0.V8.Lib", "Tyuiu.RagimovaMA.Sprint6.Task0.V8.Lib\Tyuiu.RagimovaMA.Sprint6.Task0.V8.Lib.csproj", "{6CF01F98-A810-43E4-AF18-97BF42C1C131}"
EndProject
Project("{FAE04EC0-301F-11D3-BF4B-00C04F79EFBC}") = "Tyuiu.RagimovaMA.Sprint6.Task0.V8.Test", "Tyuiu.RagimovaMA.Sprint6.Task0.V8.Test\Tyuiu.RagimovaMA.Sprint6.Task0.V8.Test.csproj", "{0E10EC60-7588-4ED0-9662-D0D07C2704A4}"
EndProject
Project("{FAE04EC0-301F-11D3-BF4B-00C04F79EFBC}") = "Tyuiu.RagimovaMA.Sprint6.Task0.V8", "Tyuiu.RagimovaMA.Sprint6.Task0.V8\Tyuiu.RagimovaMA.Sprint6.Task0.V8.csproj", "{3ABD05A9-6583-41E2-AF50-BCE543CA709B}"
EndProject
Project("{2150E333-8FDC-42A3-9474-1A3956D46DE8}") = "Task1", "Task1", "{83462464-C421-4CC4-93E6-7CDA20443DCD}"
EndProject
Project("{FAE04EC0-301F-11D3-BF4B-00C04F79EFBC}") = "Tyuiu.RagimovaMA.Sprint6.Task1.V30.Lib", "Tyuiu.RagimovaMA.Sprint6.Task1.V30.Lib\Tyuiu.RagimovaMA.Sprint6.Task1.V30.Lib.csproj", "{45E93E67-224E-4473-8F4A-53E8C609F42B}"
EndProject
Project("{FAE04EC0-301F-11D3-BF4B-00C04F79EFBC}") = "Tyuiu.RagimovaMA.Sprint6.Task1.V30.Test", "Tyuiu.RagimovaMA.Sprint6.Task1.V30.Test\Tyuiu.RagimovaMA.Sprint6.Task1.V30.Test.csproj", "{406B67CC-8E19-499F-99BA-306B3DEBAC72}"
EndProject
Project("{FAE04EC0-301F-11D3-BF4B-00C04F79EFBC}") = "Tyuiu.RagimovaMA.Sprint6.Task1.V30", "Tyuiu.RagimovaMA.Sprint6.Task1.V30\Tyuiu.RagimovaMA.Sprint6.Task1.V30.csproj", "{B3281632-9772-4683-832F-99779720EE33}"
EndProject
Global
	GlobalSection(SolutionConfigurationPlatforms) = preSolution
		Debug|Any CPU = Debug|Any CPU
		Release|Any CPU = Release|Any CPU
	EndGlobalSection
	GlobalSection(ProjectConfigurationPlatforms) = postSolution
		{6CF01F98-A810-43E4-AF18-97BF42C1C131}.Debug|Any CPU.ActiveCfg = Debug|Any CPU
		{6CF01F98-A810-43E4-AF18-97BF42C1C131}.Debug|Any CPU.Build.0 = Debug|Any CPU
		{6CF01F98-A810-43E4-AF18-97BF42C1C131}.Release|Any CPU.ActiveCfg = Release|Any CPU
		{6CF01F98-A810-43E4-AF18-97BF42C1C131}.Release|Any CPU.Build.0 = Release|Any CPU
		{0E10EC60-7588-4ED0-9662-D0D07C2704A4}.Debug|Any CPU.ActiveCfg = Debug|Any CPU
		{0E10EC60-7588-4ED0-9662-D0D07C2704A4}.Debug|Any CPU.Build.0 = Debug|Any CPU
		{0E10EC60-7588-4ED0-9662-D0D07C2704A4}.Release|Any CPU.ActiveCfg = Release|Any CPU
		{0E10EC60-7588-4ED0-9662-D0D07C2704A4}.Release|Any CPU.Build.0 = Release|Any CPU
		{3ABD05A9-6583-41E2-AF50-BCE543CA709B}.Debug|Any CPU.ActiveCfg = Debug|Any CPU
		{3ABD05A9-6583-41E2-AF50-BCE543CA709B}.Debug|Any CPU.Build.0 = Debug|Any CPU
		{3ABD05A9-6583-41E2-AF50-BCE543CA709B}.Release|Any CPU.ActiveCfg = Release|Any CPU
		{3ABD05A9-6583-41E2-AF50-BCE543CA709B}.Release|Any CPU.Build.0 = Release|Any CPU
		{45E93E67-224E-4473-8F4A-53E8C609F42B}.Debug|Any CPU.ActiveCfg = Debug|Any CPU
		{45E93E67-224E-4473-8F4A-53E8C609F42B}.Debug|Any CPU.Build.0 = Debug|Any CPU
		{45E93E67-224E-4473-8F4A-53E8C609F42B}.Release|Any CPU.ActiveCfg = Release|Any CPU
		{45E93E67-224E-4473-8F4A-53E8C609F42B}.Release|Any CPU.Build.0 = Release|Any CPU
		{406B67CC-8E19-499F-99BA-306B3DEBAC72}.Debug|Any CPU.ActiveCfg = Debug|Any CPU
		{406B67CC-8E19-499F-99BA-306B3DEBAC72}.Debug|Any CPU.Build.0 = Debug|Any CPU
		{406B67CC-8E19-499F-99BA-306B3DEBAC72}.Release|Any CPU.ActiveCfg = Release|Any CPU
		{406B67CC-8E19-499F-99BA-306B3DEBAC72}.Release|Any CPU.Build.0 = Release|Any CPU
		{B3281632-9772-4683-832F-99779720EE33}.Debug|Any CPU.ActiveCfg = Debug|Any CPU
		{B3281632-9772-4683-832F-99779720EE33}.Debug|Any CPU.Build.0 = Debug|Any CPU
		{B3281632-9772-4683-832F-99779720EE33}.Release|Any CPU.ActiveCfg = Release|Any CPU
		{B3281632-9772-4683-832F-99779720EE33}.Release|Any CPU.Build.0 = Release|Any CPU
	EndGlobalSection
	GlobalSection(SolutionProperties) = preSolution
		HideSolutionNode = FALSE
	EndGlobalSection
	GlobalSection(NestedProjects) = preSolution
		{6CF01F98-A810-43E4-AF18-97BF42C1C131} = {863A2E7C-D967-41E2-AF57-B7E6A819173A}
		{0E10EC60-7588-4ED0-9662-D0D07C2704A4} = {863A2E7C-D967-41E2-AF57-B7E6A819173A}
		{3ABD05A9-6583-41E2-AF50-BCE543CA709B} = {863A2E7C-D967-41E2-AF57-B7E6A819173A}
		{45E93E67-224E-4473-8F4A-53E8C609F42B} = {83462464-C421-4CC4-93E6-7CDA20443DCD}
		{406B67CC-8E19-499F-99BA-306B3DEBAC72} = {83462464-C421-4CC4-93E6-7CDA20443DCD}
		{B3281632-9772-4683-832F-99779720EE33} = {83462464-C421-4CC4-93E6-7CDA20443DCD}
	EndGlobalSection
	GlobalSection(ExtensibilityGlobals) = postSolution
		SolutionGuid = {143A2E38-66D0-4EE2-8AA2-0DF194CF3B79}
	EndGlobalSection
EndGlobal
